{
  "name": "@soaressilves/faillens",
  "version": "0.2.0",
  "lockfileVersion": 3,
  "requires": true,
  "packages": {
    "": {
      "name": "@soaressilves/faillens",
      "version": "0.2.0",
      "license": "MIT",
      "bin": {
        "faillens": "bin/faillens.js"
      },
      "engines": {
        "node": ">=20"
      }
    }
  }
}
